Microsoft Visual Studio Solution File, Format Version 12.00
# Visual Studio Version 17
VisualStudioVersion = 17.5.2.0
MinimumVisualStudioVersion = 10.0.40219.1
Project("{FAE04EC0-301F-11D3-BF4B-00C04F79EFBC}") = "NammaOoru", "NammaOoru.csproj", "{C93FFA82-BE9A-D395-82B9-B3969DBB2ECE}"
EndProject
Global
	GlobalSection(SolutionConfigurationPlatforms) = preSolution
		Debug|Any CPU = Debug|Any CPU
		Release|Any CPU = Release|Any CPU
	EndGlobalSection
	GlobalSection(ProjectConfigurationPlatforms) = postSolution
		{C93FFA82-BE9A-D395-82B9-B3969DBB2ECE}.Debug|Any CPU.ActiveCfg = Debug|Any CPU
		{C93FFA82-BE9A-D395-82B9-B3969DBB2ECE}.Debug|Any CPU.Build.0 = Debug|Any CPU
		{C93FFA82-BE9A-D395-82B9-B3969DBB2ECE}.Release|Any CPU.ActiveCfg = Release|Any CPU
		{C93FFA82-BE9A-D395-82B9-B3969DBB2ECE}.Release|Any CPU.Build.0 = Release|Any CPU
	EndGlobalSection
	GlobalSection(SolutionProperties) = preSolution
		HideSolutionNode = FALSE
	EndGlobalSection
	GlobalSection(ExtensibilityGlobals) = postSolution
		SolutionGuid = {177AB025-5613-412A-BAEC-0F65CFF98F47}
	EndGlobalSection
EndGlobal
